
Microsoft Visual Studio Solution File, Format Version 12.00
# Visual Studio Version 17
VisualStudioVersion = 17.10.34916.146
MinimumVisualStudioVersion = 10.0.40219.1
Project("{FAE04EC0-301F-11D3-BF4B-00C04F79EFBC}") = "WebAdo", "WebAdo\WebAdo.csproj", "{988F53B1-F6C6-49AC-A0D2-625EF4192B06}"
EndProject
Global
	GlobalSection(SolutionConfigurationPlatforms) = preSolution
		Debug|Any CPU = Debug|Any CPU
		Release|Any CPU = Release|Any CPU
	EndGlobalSection
	GlobalSection(ProjectConfigurationPlatforms) = postSolution
		{988F53B1-F6C6-49AC-A0D2-625EF4192B06}.Debug|Any CPU.ActiveCfg = Debug|Any CPU
		{988F53B1-F6C6-49AC-A0D2-625EF4192B06}.Debug|Any CPU.Build.0 = Debug|Any CPU
		{988F53B1-F6C6-49AC-A0D2-625EF4192B06}.Release|Any CPU.ActiveCfg = Release|Any CPU
		{988F53B1-F6C6-49AC-A0D2-625EF4192B06}.Release|Any CPU.Build.0 = Release|Any CPU
	EndGlobalSection
	GlobalSection(SolutionProperties) = preSolution
		HideSolutionNode = FALSE
	EndGlobalSection
	GlobalSection(ExtensibilityGlobals) = postSolution
		SolutionGuid = {8ED74DB0-55C4-4A96-B0EC-7276571C0222}
	EndGlobalSection
EndGlobal
